
Microsoft Visual Studio Solution File, Format Version 12.00
# Visual Studio Version 17
VisualStudioVersion = 17.3.32929.385
MinimumVisualStudioVersion = 10.0.40219.1
Project("{FAE04EC0-301F-11D3-BF4B-00C04F79EFBC}") = "casestudy_devops", "casestudy_devops\casestudy_devops.csproj", "{A3F9390A-F561-4E46-B4AB-B0478A861516}"
EndProject
Project("{2150E333-8FDC-42A3-9474-1A3956D46DE8}") = "Solution Items", "Solution Items", "{25E0CB8F-B507-4962-B529-06FE0125B73F}"
	ProjectSection(SolutionItems) = preProject
		.editorconfig = .editorconfig
	EndProjectSection
EndProject
Global
	GlobalSection(SolutionConfigurationPlatforms) = preSolution
		Debug|Any CPU = Debug|Any CPU
		Release|Any CPU = Release|Any CPU
	EndGlobalSection
	GlobalSection(ProjectConfigurationPlatforms) = postSolution
		{A3F9390A-F561-4E46-B4AB-B0478A861516}.Debug|Any CPU.ActiveCfg = Debug|Any CPU
		{A3F9390A-F561-4E46-B4AB-B0478A861516}.Debug|Any CPU.Build.0 = Debug|Any CPU
		{A3F9390A-F561-4E46-B4AB-B0478A861516}.Release|Any CPU.ActiveCfg = Release|Any CPU
		{A3F9390A-F561-4E46-B4AB-B0478A861516}.Release|Any CPU.Build.0 = Release|Any CPU
	EndGlobalSection
	GlobalSection(SolutionProperties) = preSolution
		HideSolutionNode = FALSE
	EndGlobalSection
	GlobalSection(ExtensibilityGlobals) = postSolution
		SolutionGuid = {79900295-1C15-471E-AEC9-03E2D933220A}
	EndGlobalSection
EndGlobal
